// !$*UTF8*$!
{
	archiveVersion = 1;
	classes = {
	};
	objectVersion = 55;
	objects = {

/* Begin PBXBuildFile section */
		2C2308BF282A3FD8003EC7DC /* RickyBuggyBrightApp.swift in Sources */ = {isa = PBXBuildFile; fileRef = 2C2308BE282A3FD8003EC7DC /* RickyBuggyBrightApp.swift */; };
		2C2308C3282A3FD9003EC7DC /* Assets.xcassets in Resources */ = {isa = PBXBuildFile; fileRef = 2C2308C2282A3FD9003EC7DC /* Assets.xcassets */; };
		2C2308C6282A3FD9003EC7DC /* Preview Assets.xcassets in Resources */ = {isa = PBXBuildFile; fileRef = 2C2308C5282A3FD9003EC7DC /* Preview Assets.xcassets */; };
		2C2308D0282A3FD9003EC7DC /* CharacterDetailViewModelTests.swift in Sources */ = {isa = PBXBuildFile; fileRef = 2C2308CF282A3FD9003EC7DC /* CharacterDetailViewModelTests.swift */; };
		2C2308ED282A413B003EC7DC /* CharactersListItemViewModelTests.swift in Sources */ = {isa = PBXBuildFile; fileRef = 2C2308EC282A413B003EC7DC /* CharactersListItemViewModelTests.swift */; };
		C539F2542F65EFDC008E28D0 /* AppRepository.swift in Sources */ = {isa = PBXBuildFile; fileRef = C539F2532F65EFCD008E28D0 /* AppRepository.swift */; };
		C539F2562F65F2F0008E28D0 /* CommonExtensions.swift in Sources */ = {isa = PBXBuildFile; fileRef = C539F2552F65F2EB008E28D0 /* CommonExtensions.swift */; };
		C5B5769D2F659A4C00902D32 /* SortMethod.swift in Sources */ = {isa = PBXBuildFile; fileRef = C5B576822F659A4C00902D32 /* SortMethod.swift */; };
		C5B5769E2F659A4C00902D32 /* APIClient.swift in Sources */ = {isa = PBXBuildFile; fileRef = C5B5768A2F659A4C00902D32 /* APIClient.swift */; };
		C5B5769F2F659A4C00902D32 /* CharactersListItemView.swift in Sources */ = {isa = PBXBuildFile; fileRef = C5B576972F659A4C00902D32 /* CharactersListItemView.swift */; };
		C5B576A02F659A4C00902D32 /* LocationDetailsResponseModel.swift in Sources */ = {isa = PBXBuildFile; fileRef = C5B576852F659A4C00902D32 /* LocationDetailsResponseModel.swift */; };
		C5B576A32F659A4C00902D32 /* CharactersListView.swift in Sources */ = {isa = PBXBuildFile; fileRef = C5B576992F659A4C00902D32 /* CharactersListView.swift */; };
		C5B576A42F659A4C00902D32 /* AppMainView.swift in Sources */ = {isa = PBXBuildFile; fileRef = C5B576932F659A4C00902D32 /* AppMainView.swift */; };
		C5B576A52F659A4C00902D32 /* APIError.swift in Sources */ = {isa = PBXBuildFile; fileRef = C5B5768D2F659A4C00902D32 /* APIError.swift */; };
		C5B576A62F659A4C00902D32 /* TextExtensions.swift in Sources */ = {isa = PBXBuildFile; fileRef = C5B576912F659A4C00902D32 /* TextExtensions.swift */; };
		C5B576A72F659A4C00902D32 /* DIContainer.swift in Sources */ = {isa = PBXBuildFile; fileRef = C5B576812F659A4C00902D32 /* DIContainer.swift */; };
		C5B576A82F659A4C00902D32 /* CharacterPhoto.swift in Sources */ = {isa = PBXBuildFile; fileRef = C5B5768F2F659A4C00902D32 /* CharacterPhoto.swift */; };
		C5B576AA2F659A4C00902D32 /* APIServiceProtocol.swift in Sources */ = {isa = PBXBuildFile; fileRef = C5B5768B2F659A4C00902D32 /* APIServiceProtocol.swift */; };
		C5B576AC2F659A4C00902D32 /* FetchRetryView.swift in Sources */ = {isa = PBXBuildFile; fileRef = C5B5769A2F659A4C00902D32 /* FetchRetryView.swift */; };
		C5B576AD2F659A4C00902D32 /* CharactersResponseModel.swift in Sources */ = {isa = PBXBuildFile; fileRef = C5B576842F659A4C00902D32 /* CharactersResponseModel.swift */; };
		C5B576AE2F659A4C00902D32 /* CharacterDetailView.swift in Sources */ = {isa = PBXBuildFile; fileRef = C5B576952F659A4C00902D32 /* CharacterDetailView.swift */; };
		C5B576AF2F659A4C00902D32 /* AppearanceFrequency.swift in Sources */ = {isa = PBXBuildFile; fileRef = C5B576802F659A4C00902D32 /* AppearanceFrequency.swift */; };
		C5B576D42F65CF7A00902D32 /* Diagnostics.swift in Sources */ = {isa = PBXBuildFile; fileRef = C5B576D32F65CF7500902D32 /* Diagnostics.swift */; };
/* End PBXBuildFile section */

/* Begin PBXContainerItemProxy section */
		2C2308CC282A3FD9003EC7DC /* PBXContainerItemProxy */ = {
			isa = PBXContainerItemProxy;
			containerPortal = 2C2308B3282A3FD8003EC7DC /* Project object */;
			proxyType = 1;
			remoteGlobalIDString = 2C2308BA282A3FD8003EC7DC;
			remoteInfo = RickyBuggyBright;
		};
/* End PBXContainerItemProxy section */

/* Begin PBXFileReference section */
		2C2308BB282A3FD8003EC7DC /* RickyBuggyBright.app */ = {isa = PBXFileReference; explicitFileType = wrapper.application; includeInIndex = 0; path = RickyBuggyBright.app; sourceTree = BUILT_PRODUCTS_DIR; };
		2C2308BE282A3FD8003EC7DC /* RickyBuggyBrightApp.swift */ = {isa = PBXFileReference; lastKnownFileType = sourcecode.swift; path = RickyBuggyBrightApp.swift; sourceTree = "<group>"; };
		2C2308C2282A3FD9003EC7DC /* Assets.xcassets */ = {isa = PBXFileReference; lastKnownFileType = folder.assetcatalog; path = Assets.xcassets; sourceTree = "<group>"; };
		2C2308C5282A3FD9003EC7DC /* Preview Assets.xcassets */ = {isa = PBXFileReference; lastKnownFileType = folder.assetcatalog; path = "Preview Assets.xcassets"; sourceTree = "<group>"; };
		2C2308CB282A3FD9003EC7DC /* RickyBuggyBrightTests.xctest */ = {isa = PBXFileReference; explicitFileType = wrapper.cfbundle; includeInIndex = 0; path = RickyBuggyBrightTests.xctest; sourceTree = BUILT_PRODUCTS_DIR; };
		2C2308CF282A3FD9003EC7DC /* CharacterDetailViewModelTests.swift */ = {isa = PBXFileReference; lastKnownFileType = sourcecode.swift; path = CharacterDetailViewModelTests.swift; sourceTree = "<group>"; };
		2C2308EC282A413B003EC7DC /* CharactersListItemViewModelTests.swift */ = {isa = PBXFileReference; lastKnownFileType = sourcecode.swift; path = CharactersListItemViewModelTests.swift; sourceTree = "<group>"; };
		C539F2532F65EFCD008E28D0 /* AppRepository.swift */ = {isa = PBXFileReference; lastKnownFileType = sourcecode.swift; path = AppRepository.swift; sourceTree = "<group>"; };
		C539F2552F65F2EB008E28D0 /* CommonExtensions.swift */ = {isa = PBXFileReference; lastKnownFileType = sourcecode.swift; path = CommonExtensions.swift; sourceTree = "<group>"; };
		C5B576802F659A4C00902D32 /* AppearanceFrequency.swift */ = {isa = PBXFileReference; lastKnownFileType = sourcecode.swift; path = AppearanceFrequency.swift; sourceTree = "<group>"; };
		C5B576812F659A4C00902D32 /* DIContainer.swift */ = {isa = PBXFileReference; lastKnownFileType = sourcecode.swift; path = DIContainer.swift; sourceTree = "<group>"; };
		C5B576822F659A4C00902D32 /* SortMethod.swift */ = {isa = PBXFileReference; lastKnownFileType = sourcecode.swift; path = SortMethod.swift; sourceTree = "<group>"; };
		C5B576842F659A4C00902D32 /* CharactersResponseModel.swift */ = {isa = PBXFileReference; lastKnownFileType = sourcecode.swift; path = CharactersResponseModel.swift; sourceTree = "<group>"; };
		C5B576852F659A4C00902D32 /* LocationDetailsResponseModel.swift */ = {isa = PBXFileReference; lastKnownFileType = sourcecode.swift; path = LocationDetailsResponseModel.swift; sourceTree = "<group>"; };
		C5B5768A2F659A4C00902D32 /* APIClient.swift */ = {isa = PBXFileReference; lastKnownFileType = sourcecode.swift; path = APIClient.swift; sourceTree = "<group>"; };
		C5B5768B2F659A4C00902D32 /* APIServiceProtocol.swift */ = {isa = PBXFileReference; lastKnownFileType = sourcecode.swift; path = APIServiceProtocol.swift; sourceTree = "<group>"; };
		C5B5768D2F659A4C00902D32 /* APIError.swift */ = {isa = PBXFileReference; lastKnownFileType = sourcecode.swift; path = APIError.swift; sourceTree = "<group>"; };
		C5B5768F2F659A4C00902D32 /* CharacterPhoto.swift */ = {isa = PBXFileReference; lastKnownFileType = sourcecode.swift; path = CharacterPhoto.swift; sourceTree = "<group>"; };
		C5B576912F659A4C00902D32 /* TextExtensions.swift */ = {isa = PBXFileReference; lastKnownFileType = sourcecode.swift; path = TextExtensions.swift; sourceTree = "<group>"; };
		C5B576932F659A4C00902D32 /* AppMainView.swift */ = {isa = PBXFileReference; lastKnownFileType = sourcecode.swift; path = AppMainView.swift; sourceTree = "<group>"; };
		C5B576952F659A4C00902D32 /* CharacterDetailView.swift */ = {isa = PBXFileReference; lastKnownFileType = sourcecode.swift; path = CharacterDetailView.swift; sourceTree = "<group>"; };
		C5B576972F659A4C00902D32 /* CharactersListItemView.swift */ = {isa = PBXFileReference; lastKnownFileType = sourcecode.swift; path = CharactersListItemView.swift; sourceTree = "<group>"; };
		C5B576992F659A4C00902D32 /* CharactersListView.swift */ = {isa = PBXFileReference; lastKnownFileType = sourcecode.swift; path = CharactersListView.swift; sourceTree = "<group>"; };
		C5B5769A2F659A4C00902D32 /* FetchRetryView.swift */ = {isa = PBXFileReference; lastKnownFileType = sourcecode.swift; path = FetchRetryView.swift; sourceTree = "<group>"; };
		C5B576D32F65CF7500902D32 /* Diagnostics.swift */ = {isa = PBXFileReference; lastKnownFileType = sourcecode.swift; path = Diagnostics.swift; sourceTree = "<group>"; };
/* End PBXFileReference section */

/* Begin PBXFrameworksBuildPhase section */
		2C2308B8282A3FD8003EC7DC /* Frameworks */ = {
			isa = PBXFrameworksBuildPhase;
			buildActionMask = 2147483647;
			files = (
			);
			runOnlyForDeploymentPostprocessing = 0;
		};
		2C2308C8282A3FD9003EC7DC /* Frameworks */ = {
			isa = PBXFrameworksBuildPhase;
			buildActionMask = 2147483647;
			files = (
			);
			runOnlyForDeploymentPostprocessing = 0;
		};
/* End PBXFrameworksBuildPhase section */

/* Begin PBXGroup section */
		2C2308B2282A3FD8003EC7DC = {
			isa = PBXGroup;
			children = (
				2C2308BD282A3FD8003EC7DC /* RickyBuggyBright */,
				2C2308CE282A3FD9003EC7DC /* RickyBuggyBrightTests */,
				2C2308BC282A3FD8003EC7DC /* Products */,
			);
			sourceTree = "<group>";
		};
		2C2308BC282A3FD8003EC7DC /* Products */ = {
			isa = PBXGroup;
			children = (
				2C2308BB282A3FD8003EC7DC /* RickyBuggyBright.app */,
				2C2308CB282A3FD9003EC7DC /* RickyBuggyBrightTests.xctest */,
			);
			name = Products;
			sourceTree = "<group>";
		};
		2C2308BD282A3FD8003EC7DC /* RickyBuggyBright */ = {
			isa = PBXGroup;
			children = (
				C5B5769C2F659A4C00902D32 /* Sources */,
				2C2308BE282A3FD8003EC7DC /* RickyBuggyBrightApp.swift */,
				2C2308C2282A3FD9003EC7DC /* Assets.xcassets */,
				2C2308C4282A3FD9003EC7DC /* Preview Content */,
			);
			path = RickyBuggyBright;
			sourceTree = "<group>";
		};
		2C2308C4282A3FD9003EC7DC /* Preview Content */ = {
			isa = PBXGroup;
			children = (
				2C2308C5282A3FD9003EC7DC /* Preview Assets.xcassets */,
			);
			path = "Preview Content";
			sourceTree = "<group>";
		};
		2C2308CE282A3FD9003EC7DC /* RickyBuggyBrightTests */ = {
			isa = PBXGroup;
			children = (
				2C2308CF282A3FD9003EC7DC /* CharacterDetailViewModelTests.swift */,
				2C2308EC282A413B003EC7DC /* CharactersListItemViewModelTests.swift */,
			);
			path = RickyBuggyBrightTests;
			sourceTree = "<group>";
		};
		C5B576832F659A4C00902D32 /* Common */ = {
			isa = PBXGroup;
			children = (
				C5B576802F659A4C00902D32 /* AppearanceFrequency.swift */,
				C5B576812F659A4C00902D32 /* DIContainer.swift */,
				C5B576822F659A4C00902D32 /* SortMethod.swift */,
			);
			path = Common;
			sourceTree = "<group>";
		};
		C5B576862F659A4C00902D32 /* Model */ = {
			isa = PBXGroup;
			children = (
				C5B576842F659A4C00902D32 /* CharactersResponseModel.swift */,
				C5B576852F659A4C00902D32 /* LocationDetailsResponseModel.swift */,
			);
			path = Model;
			sourceTree = "<group>";
		};
		C5B5768C2F659A4C00902D32 /* Service */ = {
			isa = PBXGroup;
			children = (
				C5B5768A2F659A4C00902D32 /* APIClient.swift */,
				C5B5768B2F659A4C00902D32 /* APIServiceProtocol.swift */,
			);
			path = Service;
			sourceTree = "<group>";
		};
		C5B5768E2F659A4C00902D32 /* Network */ = {
			isa = PBXGroup;
			children = (
				C5B5768C2F659A4C00902D32 /* Service */,
				C5B5768D2F659A4C00902D32 /* APIError.swift */,
			);
			path = Network;
			sourceTree = "<group>";
		};
		C5B576902F659A4C00902D32 /* Blocks */ = {
			isa = PBXGroup;
			children = (
				C5B5768F2F659A4C00902D32 /* CharacterPhoto.swift */,
			);
			path = Blocks;
			sourceTree = "<group>";
		};
		C5B576922F659A4C00902D32 /* Extensions */ = {
			isa = PBXGroup;
			children = (
				C5B576912F659A4C00902D32 /* TextExtensions.swift */,
			);
			path = Extensions;
			sourceTree = "<group>";
		};
		C5B5769B2F659A4C00902D32 /* View */ = {
			isa = PBXGroup;
			children = (
				C5B576902F659A4C00902D32 /* Blocks */,
				C5B576922F659A4C00902D32 /* Extensions */,
				C5B576932F659A4C00902D32 /* AppMainView.swift */,
				C5B576952F659A4C00902D32 /* CharacterDetailView.swift */,
				C5B576972F659A4C00902D32 /* CharactersListItemView.swift */,
				C5B576992F659A4C00902D32 /* CharactersListView.swift */,
				C5B5769A2F659A4C00902D32 /* FetchRetryView.swift */,
			);
			path = View;
			sourceTree = "<group>";
		};
		C5B5769C2F659A4C00902D32 /* Sources */ = {
			isa = PBXGroup;
			children = (
				C539F2552F65F2EB008E28D0 /* CommonExtensions.swift */,
				C539F2532F65EFCD008E28D0 /* AppRepository.swift */,
				C5B576D32F65CF7500902D32 /* Diagnostics.swift */,
				C5B576832F659A4C00902D32 /* Common */,
				C5B576862F659A4C00902D32 /* Model */,
				C5B5768E2F659A4C00902D32 /* Network */,
				C5B5769B2F659A4C00902D32 /* View */,
			);
			path = Sources;
			sourceTree = "<group>";
		};
/* End PBXGroup section */

/* Begin PBXNativeTarget section */
		2C2308BA282A3FD8003EC7DC /* RickyBuggyBright */ = {
			isa = PBXNativeTarget;
			buildConfigurationList = 2C2308DF282A3FD9003EC7DC /* Build configuration list for PBXNativeTarget "RickyBuggyBright" */;
			buildPhases = (
				2C2308B7282A3FD8003EC7DC /* Sources */,
				2C2308B8282A3FD8003EC7DC /* Frameworks */,
				2C2308B9282A3FD8003EC7DC /* Resources */,
				2CDFF275282A467E00C0C725 /* TODO Warning */,
			);
			buildRules = (
			);
			dependencies = (
			);
			name = RickyBuggyBright;
			productName = RickyBuggyBright;
			productReference = 2C2308BB282A3FD8003EC7DC /* RickyBuggyBright.app */;
			productType = "com.apple.product-type.application";
		};
		2C2308CA282A3FD9003EC7DC /* RickyBuggyBrightTests */ = {
			isa = PBXNativeTarget;
			buildConfigurationList = 2C2308E2282A3FD9003EC7DC /* Build configuration list for PBXNativeTarget "RickyBuggyBrightTests" */;
			buildPhases = (
				2C2308C7282A3FD9003EC7DC /* Sources */,
				2C2308C8282A3FD9003EC7DC /* Frameworks */,
				2C2308C9282A3FD9003EC7DC /* Resources */,
			);
			buildRules = (
			);
			dependencies = (
				2C2308CD282A3FD9003EC7DC /* PBXTargetDependency */,
			);
			name = RickyBuggyBrightTests;
			productName = RickyBuggyBrightTests;
			productReference = 2C2308CB282A3FD9003EC7DC /* RickyBuggyBrightTests.xctest */;
			productType = "com.apple.product-type.bundle.unit-test";
		};
/* End PBXNativeTarget section */

/* Begin PBXProject section */
		2C2308B3282A3FD8003EC7DC /* Project object */ = {
			isa = PBXProject;
			attributes = {
				BuildIndependentTargetsInParallel = 1;
				LastSwiftUpdateCheck = 1320;
				LastUpgradeCheck = 1320;
				TargetAttributes = {
					2C2308BA282A3FD8003EC7DC = {
						CreatedOnToolsVersion = 13.2.1;
					};
					2C2308CA282A3FD9003EC7DC = {
						CreatedOnToolsVersion = 13.2.1;
						TestTargetID = 2C2308BA282A3FD8003EC7DC;
					};
				};
			};
			buildConfigurationList = 2C2308B6282A3FD8003EC7DC /* Build configuration list for PBXProject "RickyBuggyBright" */;
			compatibilityVersion = "Xcode 13.0";
			developmentRegion = en;
			hasScannedForEncodings = 0;
			knownRegions = (
				en,
				Base,
			);
			mainGroup = 2C2308B2282A3FD8003EC7DC;
			productRefGroup = 2C2308BC282A3FD8003EC7DC /* Products */;
			projectDirPath = "";
			projectRoot = "";
			targets = (
				2C2308BA282A3FD8003EC7DC /* RickyBuggyBright */,
				2C2308CA282A3FD9003EC7DC /* RickyBuggyBrightTests */,
			);
		};
/* End PBXProject section */

/* Begin PBXResourcesBuildPhase section */
		2C2308B9282A3FD8003EC7DC /* Resources */ = {
			isa = PBXResourcesBuildPhase;
			buildActionMask = 2147483647;
			files = (
				2C2308C6282A3FD9003EC7DC /* Preview Assets.xcassets in Resources */,
				2C2308C3282A3FD9003EC7DC /* Assets.xcassets in Resources */,
			);
			runOnlyForDeploymentPostprocessing = 0;
		};
		2C2308C9282A3FD9003EC7DC /* Resources */ = {
			isa = PBXResourcesBuildPhase;
			buildActionMask = 2147483647;
			files = (
			);
			runOnlyForDeploymentPostprocessing = 0;
		};
/* End PBXResourcesBuildPhase section */

/* Begin PBXShellScriptBuildPhase section */
		2CDFF275282A467E00C0C725 /* TODO Warning */ = {
			isa = PBXShellScriptBuildPhase;
			buildActionMask = 2147483647;
			files = (
			);
			inputFileListPaths = (
			);
			inputPaths = (
			);
			name = "TODO Warning";
			outputFileListPaths = (
			);
			outputPaths = (
			);
			runOnlyForDeploymentPostprocessing = 0;
			shellPath = /bin/sh;
			shellScript = "TAGS=\"TODO:|FIXME:\"\nERRORTAG=\"ERROR:\"\nfind \"${SRCROOT}\" \\( -name \"*.h\" -or -name \"*.m\" -or -name \"*.swift\" \\) -print0 | xargs -0 egrep --with-filename --line-number --only-matching \"($TAGS).*\\$|($ERRORTAG).*\\$\" | perl -p -e \"s/($TAGS)/ warning: \\$1/\" | perl -p -e \"s/($ERRORTAG)/ error: \\$1/\"\n";
		};
/* End PBXShellScriptBuildPhase section */

/* Begin PBXSourcesBuildPhase section */
		2C2308B7282A3FD8003EC7DC /* Sources */ = {
			isa = PBXSourcesBuildPhase;
			buildActionMask = 2147483647;
			files = (
				C5B5769D2F659A4C00902D32 /* SortMethod.swift in Sources */,
				C5B576D42F65CF7A00902D32 /* Diagnostics.swift in Sources */,
				C5B5769E2F659A4C00902D32 /* APIClient.swift in Sources */,
				C5B5769F2F659A4C00902D32 /* CharactersListItemView.swift in Sources */,
				C5B576A02F659A4C00902D32 /* LocationDetailsResponseModel.swift in Sources */,
				C5B576A32F659A4C00902D32 /* CharactersListView.swift in Sources */,
				C539F2542F65EFDC008E28D0 /* AppRepository.swift in Sources */,
				C5B576A42F659A4C00902D32 /* AppMainView.swift in Sources */,
				C5B576A52F659A4C00902D32 /* APIError.swift in Sources */,
				C5B576A62F659A4C00902D32 /* TextExtensions.swift in Sources */,
				C5B576A72F659A4C00902D32 /* DIContainer.swift in Sources */,
				C539F2562F65F2F0008E28D0 /* CommonExtensions.swift in Sources */,
				C5B576A82F659A4C00902D32 /* CharacterPhoto.swift in Sources */,
				C5B576AA2F659A4C00902D32 /* APIServiceProtocol.swift in Sources */,
				C5B576AC2F659A4C00902D32 /* FetchRetryView.swift in Sources */,
				C5B576AD2F659A4C00902D32 /* CharactersResponseModel.swift in Sources */,
				C5B576AE2F659A4C00902D32 /* CharacterDetailView.swift in Sources */,
				C5B576AF2F659A4C00902D32 /* AppearanceFrequency.swift in Sources */,
				2C2308BF282A3FD8003EC7DC /* RickyBuggyBrightApp.swift in Sources */,
			);
			runOnlyForDeploymentPostprocessing = 0;
		};
		2C2308C7282A3FD9003EC7DC /* Sources */ = {
			isa = PBXSourcesBuildPhase;
			buildActionMask = 2147483647;
			files = (
				2C2308D0282A3FD9003EC7DC /* CharacterDetailViewModelTests.swift in Sources */,
				2C2308ED282A413B003EC7DC /* CharactersListItemViewModelTests.swift in Sources */,
			);
			runOnlyForDeploymentPostprocessing = 0;
		};
/* End PBXSourcesBuildPhase section */

/* Begin PBXTargetDependency section */
		2C2308CD282A3FD9003EC7DC /* PBXTargetDependency */ = {
			isa = PBXTargetDependency;
			target = 2C2308BA282A3FD8003EC7DC /* RickyBuggyBright */;
			targetProxy = 2C2308CC282A3FD9003EC7DC /* PBXContainerItemProxy */;
		};
/* End PBXTargetDependency section */

/* Begin XCBuildConfiguration section */
		2C2308DD282A3FD9003EC7DC /* Debug */ = {
			isa = XCBuildConfiguration;
			buildSettings = {
				ALWAYS_SEARCH_USER_PATHS = NO;
				CLANG_ANALYZER_NONNULL = YES;
				CLANG_ANALYZER_NUMBER_OBJECT_CONVERSION = YES_AGGRESSIVE;
				CLANG_CXX_LANGUAGE_STANDARD = "gnu++17";
				CLANG_CXX_LIBRARY = "libc++";
				CLANG_ENABLE_MODULES = YES;
				CLANG_ENABLE_OBJC_ARC = YES;
				CLANG_ENABLE_OBJC_WEAK = YES;
				CLANG_WARN_BLOCK_CAPTURE_AUTORELEASING = YES;
				CLANG_WARN_BOOL_CONVERSION = YES;
				CLANG_WARN_COMMA = YES;
				CLANG_WARN_CONSTANT_CONVERSION = YES;
				CLANG_WARN_DEPRECATED_OBJC_IMPLEMENTATIONS = YES;
				CLANG_WARN_DIRECT_OBJC_ISA_USAGE = YES_ERROR;
				CLANG_WARN_DOCUMENTATION_COMMENTS = YES;
				CLANG_WARN_EMPTY_BODY = YES;
				CLANG_WARN_ENUM_CONVERSION = YES;
				CLANG_WARN_INFINITE_RECURSION = YES;
				CLANG_WARN_INT_CONVERSION = YES;
				CLANG_WARN_NON_LITERAL_NULL_CONVERSION = YES;
				CLANG_WARN_OBJC_IMPLICIT_RETAIN_SELF = YES;
				CLANG_WARN_OBJC_LITERAL_CONVERSION = YES;
				CLANG_WARN_OBJC_ROOT_CLASS = YES_ERROR;
				CLANG_WARN_QUOTED_INCLUDE_IN_FRAMEWORK_HEADER = YES;
				CLANG_WARN_RANGE_LOOP_ANALYSIS = YES;
				CLANG_WARN_STRICT_PROTOTYPES = YES;
				CLANG_WARN_SUSPICIOUS_MOVE = YES;
				CLANG_WARN_UNGUARDED_AVAILABILITY = YES_AGGRESSIVE;
				CLANG_WARN_UNREACHABLE_CODE = YES;
				CLANG_WARN__DUPLICATE_METHOD_MATCH = YES;
				COPY_PHASE_STRIP = NO;
				DEBUG_INFORMATION_FORMAT = dwarf;
				ENABLE_STRICT_OBJC_MSGSEND = YES;
				ENABLE_TESTABILITY = YES;
				GCC_C_LANGUAGE_STANDARD = gnu11;
				GCC_DYNAMIC_NO_PIC = NO;
				GCC_NO_COMMON_BLOCKS = YES;
				GCC_OPTIMIZATION_LEVEL = 0;
				GCC_PREPROCESSOR_DEFINITIONS = (
					"DEBUG=1",
					"$(inherited)",
				);
				GCC_WARN_64_TO_32_BIT_CONVERSION = YES;
				GCC_WARN_ABOUT_RETURN_TYPE = YES_ERROR;
				GCC_WARN_UNDECLARED_SELECTOR = YES;
				GCC_WARN_UNINITIALIZED_AUTOS = YES_AGGRESSIVE;
				GCC_WARN_UNUSED_FUNCTION = YES;
				GCC_WARN_UNUSED_VARIABLE = YES;
				IPHONEOS_DEPLOYMENT_TARGET = 15.2;
				MTL_ENABLE_DEBUG_INFO = INCLUDE_SOURCE;
				MTL_FAST_MATH = YES;
				ONLY_ACTIVE_ARCH = YES;
				SDKROOT = iphoneos;
				SWIFT_ACTIVE_COMPILATION_CONDITIONS = DEBUG;
				SWIFT_OPTIMIZATION_LEVEL = "-Onone";
			};
			name = Debug;
		};
		2C2308DE282A3FD9003EC7DC /* Release */ = {
			isa = XCBuildConfiguration;
			buildSettings = {
				ALWAYS_SEARCH_USER_PATHS = NO;
				CLANG_ANALYZER_NONNULL = YES;
				CLANG_ANALYZER_NUMBER_OBJECT_CONVERSION = YES_AGGRESSIVE;
				CLANG_CXX_LANGUAGE_STANDARD = "gnu++17";
				CLANG_CXX_LIBRARY = "libc++";
				CLANG_ENABLE_MODULES = YES;
				CLANG_ENABLE_OBJC_ARC = YES;
				CLANG_ENABLE_OBJC_WEAK = YES;
				CLANG_WARN_BLOCK_CAPTURE_AUTORELEASING = YES;
				CLANG_WARN_BOOL_CONVERSION = YES;
				CLANG_WARN_COMMA = YES;
				CLANG_WARN_CONSTANT_CONVERSION = YES;
				CLANG_WARN_DEPRECATED_OBJC_IMPLEMENTATIONS = YES;
				CLANG_WARN_DIRECT_OBJC_ISA_USAGE = YES_ERROR;
				CLANG_WARN_DOCUMENTATION_COMMENTS = YES;
				CLANG_WARN_EMPTY_BODY = YES;
				CLANG_WARN_ENUM_CONVERSION = YES;
				CLANG_WARN_INFINITE_RECURSION = YES;
				CLANG_WARN_INT_CONVERSION = YES;
				CLANG_WARN_NON_LITERAL_NULL_CONVERSION = YES;
				CLANG_WARN_OBJC_IMPLICIT_RETAIN_SELF = YES;
				CLANG_WARN_OBJC_LITERAL_CONVERSION = YES;
				CLANG_WARN_OBJC_ROOT_CLASS = YES_ERROR;
				CLANG_WARN_QUOTED_INCLUDE_IN_FRAMEWORK_HEADER = YES;
				CLANG_WARN_RANGE_LOOP_ANALYSIS = YES;
				CLANG_WARN_STRICT_PROTOTYPES = YES;
				CLANG_WARN_SUSPICIOUS_MOVE = YES;
				CLANG_WARN_UNGUARDED_AVAILABILITY = YES_AGGRESSIVE;
				CLANG_WARN_UNREACHABLE_CODE = YES;
				CLANG_WARN__DUPLICATE_METHOD_MATCH = YES;
				COPY_PHASE_STRIP = NO;
				DEBUG_INFORMATION_FORMAT = "dwarf-with-dsym";
				ENABLE_NS_ASSERTIONS = NO;
				ENABLE_STRICT_OBJC_MSGSEND = YES;
				GCC_C_LANGUAGE_STANDARD = gnu11;
				GCC_NO_COMMON_BLOCKS = YES;
				GCC_WARN_64_TO_32_BIT_CONVERSION = YES;
				GCC_WARN_ABOUT_RETURN_TYPE = YES_ERROR;
				GCC_WARN_UNDECLARED_SELECTOR = YES;
				GCC_WARN_UNINITIALIZED_AUTOS = YES_AGGRESSIVE;
				GCC_WARN_UNUSED_FUNCTION = YES;
				GCC_WARN_UNUSED_VARIABLE = YES;
				IPHONEOS_DEPLOYMENT_TARGET = 15.2;
				MTL_ENABLE_DEBUG_INFO = NO;
				MTL_FAST_MATH = YES;
				SDKROOT = iphoneos;
				SWIFT_COMPILATION_MODE = wholemodule;
				SWIFT_OPTIMIZATION_LEVEL = "-O";
				VALIDATE_PRODUCT = YES;
			};
			name = Release;
		};
		2C2308E0282A3FD9003EC7DC /* Debug */ = {
			isa = XCBuildConfiguration;
			buildSettings = {
				ASSETCATALOG_COMPILER_APPICON_NAME = AppIcon;
				ASSETCATALOG_COMPILER_GLOBAL_ACCENT_COLOR_NAME = AccentColor;
				CODE_SIGN_STYLE = Automatic;
				CURRENT_PROJECT_VERSION = 1;
				DEVELOPMENT_ASSET_PATHS = "\"RickyBuggyBright/Preview Content\"";
				DEVELOPMENT_TEAM = 3WS95QAWS9;
				ENABLE_PREVIEWS = YES;
				GENERATE_INFOPLIST_FILE = YES;
				INFOPLIST_KEY_UIApplicationSceneManifest_Generation = YES;
				INFOPLIST_KEY_UIApplicationSupportsIndirectInputEvents = YES;
				INFOPLIST_KEY_UILaunchScreen_Generation = YES;
				INFOPLIST_KEY_UISupportedInterfaceOrientations_iPad = "UIInterfaceOrientationPortrait UIInterfaceOrientationPortraitUpsideDown UIInterfaceOrientationLandscapeLeft UIInterfaceOrientationLandscapeRight";
				INFOPLIST_KEY_UISupportedInterfaceOrientations_iPhone = "UIInterfaceOrientationPortrait UIInterfaceOrientationLandscapeLeft UIInterfaceOrientationLandscapeRight";
				LD_RUNPATH_SEARCH_PATHS = (
					"$(inherited)",
					"@executable_path/Frameworks",
				);
				MARKETING_VERSION = 1.0;
				PRODUCT_BUNDLE_IDENTIFIER = brightinventions.pl.RickyBuggyBright.pawel;
				PRODUCT_NAME = "$(TARGET_NAME)";
				SWIFT_EMIT_LOC_STRINGS = YES;
				SWIFT_VERSION = 5.0;
				TARGETED_DEVICE_FAMILY = "1,2";
			};
			name = Debug;
		};
		2C2308E1282A3FD9003EC7DC /* Release */ = {
			isa = XCBuildConfiguration;
			buildSettings = {
				ASSETCATALOG_COMPILER_APPICON_NAME = AppIcon;
				ASSETCATALOG_COMPILER_GLOBAL_ACCENT_COLOR_NAME = AccentColor;
				CODE_SIGN_STYLE = Automatic;
				CURRENT_PROJECT_VERSION = 1;
				DEVELOPMENT_ASSET_PATHS = "\"RickyBuggyBright/Preview Content\"";
				DEVELOPMENT_TEAM = 3WS95QAWS9;
				ENABLE_PREVIEWS = YES;
				GENERATE_INFOPLIST_FILE = YES;
				INFOPLIST_KEY_UIApplicationSceneManifest_Generation = YES;
				INFOPLIST_KEY_UIApplicationSupportsIndirectInputEvents = YES;
				INFOPLIST_KEY_UILaunchScreen_Generation = YES;
				INFOPLIST_KEY_UISupportedInterfaceOrientations_iPad = "UIInterfaceOrientationPortrait UIInterfaceOrientationPortraitUpsideDown UIInterfaceOrientationLandscapeLeft UIInterfaceOrientationLandscapeRight";
				INFOPLIST_KEY_UISupportedInterfaceOrientations_iPhone = "UIInterfaceOrientationPortrait UIInterfaceOrientationLandscapeLeft UIInterfaceOrientationLandscapeRight";
				LD_RUNPATH_SEARCH_PATHS = (
					"$(inherited)",
					"@executable_path/Frameworks",
				);
				MARKETING_VERSION = 1.0;
				PRODUCT_BUNDLE_IDENTIFIER = brightinventions.pl.RickyBuggyBright.pawel;
				PRODUCT_NAME = "$(TARGET_NAME)";
				SWIFT_EMIT_LOC_STRINGS = YES;
				SWIFT_VERSION = 5.0;
				TARGETED_DEVICE_FAMILY = "1,2";
			};
			name = Release;
		};
		2C2308E3282A3FD9003EC7DC /* Debug */ = {
			isa = XCBuildConfiguration;
			buildSettings = {
				ALWAYS_EMBED_SWIFT_STANDARD_LIBRARIES = YES;
				BUNDLE_LOADER = "$(TEST_HOST)";
				CODE_SIGN_STYLE = Automatic;
				CURRENT_PROJECT_VERSION = 1;
				GENERATE_INFOPLIST_FILE = YES;
				IPHONEOS_DEPLOYMENT_TARGET = 15.2;
				MARKETING_VERSION = 1.0;
				PRODUCT_BUNDLE_IDENTIFIER = brightinventions.pl.RickyBuggyBrightTests;
				PRODUCT_NAME = "$(TARGET_NAME)";
				SWIFT_EMIT_LOC_STRINGS = NO;
				SWIFT_VERSION = 5.0;
				TARGETED_DEVICE_FAMILY = "1,2";
				TEST_HOST = "$(BUILT_PRODUCTS_DIR)/RickyBuggyBright.app/RickyBuggyBright";
			};
			name = Debug;
		};
		2C2308E4282A3FD9003EC7DC /* Release */ = {
			isa = XCBuildConfiguration;
			buildSettings = {
				ALWAYS_EMBED_SWIFT_STANDARD_LIBRARIES = YES;
				BUNDLE_LOADER = "$(TEST_HOST)";
				CODE_SIGN_STYLE = Automatic;
				CURRENT_PROJECT_VERSION = 1;
				GENERATE_INFOPLIST_FILE = YES;
				IPHONEOS_DEPLOYMENT_TARGET = 15.2;
				MARKETING_VERSION = 1.0;
				PRODUCT_BUNDLE_IDENTIFIER = brightinventions.pl.RickyBuggyBrightTests;
				PRODUCT_NAME = "$(TARGET_NAME)";
				SWIFT_EMIT_LOC_STRINGS = NO;
				SWIFT_VERSION = 5.0;
				TARGETED_DEVICE_FAMILY = "1,2";
				TEST_HOST = "$(BUILT_PRODUCTS_DIR)/RickyBuggyBright.app/RickyBuggyBright";
			};
			name = Release;
		};
/* End XCBuildConfiguration section */

/* Begin XCConfigurationList section */
		2C2308B6282A3FD8003EC7DC /* Build configuration list for PBXProject "RickyBuggyBright" */ = {
			isa = XCConfigurationList;
			buildConfigurations = (
				2C2308DD282A3FD9003EC7DC /* Debug */,
				2C2308DE282A3FD9003EC7DC /* Release */,
			);
			defaultConfigurationIsVisible = 0;
			defaultConfigurationName = Release;
		};
		2C2308DF282A3FD9003EC7DC /* Build configuration list for PBXNativeTarget "RickyBuggyBright" */ = {
			isa = XCConfigurationList;
			buildConfigurations = (
				2C2308E0282A3FD9003EC7DC /* Debug */,
				2C2308E1282A3FD9003EC7DC /* Release */,
			);
			defaultConfigurationIsVisible = 0;
			defaultConfigurationName = Release;
		};
		2C2308E2282A3FD9003EC7DC /* Build configuration list for PBXNativeTarget "RickyBuggyBrightTests" */ = {
			isa = XCConfigurationList;
			buildConfigurations = (
				2C2308E3282A3FD9003EC7DC /* Debug */,
				2C2308E4282A3FD9003EC7DC /* Release */,
			);
			defaultConfigurationIsVisible = 0;
			defaultConfigurationName = Release;
		};
/* End XCConfigurationList section */
	};
	rootObject = 2C2308B3282A3FD8003EC7DC /* Project object */;
}
